
Microsoft Visual Studio Solution File, Format Version 12.00
# Visual Studio Version 16
VisualStudioVersion = 16.0.34601.136
MinimumVisualStudioVersion = 10.0.40219.1
Project("{FAE04EC0-301F-11D3-BF4B-00C04F79EFBC}") = "EmployeeManagement.Model", "EmployeeManagement.Model\EmployeeManagement.Model.csproj", "{D2A23875-86CA-4699-9A36-11E643499A37}"
EndProject
Project("{FAE04EC0-301F-11D3-BF4B-00C04F79EFBC}") = "EmployeeManagement.Web", "EmployeeManagement.Web\EmployeeManagement.Web.csproj", "{6352667C-BA50-4F18-B544-6016F5C77900}"
EndProject
Global
	GlobalSection(SolutionConfigurationPlatforms) = preSolution
		Debug|Any CPU = Debug|Any CPU
		Release|Any CPU = Release|Any CPU
	EndGlobalSection
	GlobalSection(ProjectConfigurationPlatforms) = postSolution
		{D2A23875-86CA-4699-9A36-11E643499A37}.Debug|Any CPU.ActiveCfg = Debug|Any CPU
		{D2A23875-86CA-4699-9A36-11E643499A37}.Debug|Any CPU.Build.0 = Debug|Any CPU
		{D2A23875-86CA-4699-9A36-11E643499A37}.Release|Any CPU.ActiveCfg = Release|Any CPU
		{D2A23875-86CA-4699-9A36-11E643499A37}.Release|Any CPU.Build.0 = Release|Any CPU
		{6352667C-BA50-4F18-B544-6016F5C77900}.Debug|Any CPU.ActiveCfg = Debug|Any CPU
		{6352667C-BA50-4F18-B544-6016F5C77900}.Debug|Any CPU.Build.0 = Debug|Any CPU
		{6352667C-BA50-4F18-B544-6016F5C77900}.Release|Any CPU.ActiveCfg = Release|Any CPU
		{6352667C-BA50-4F18-B544-6016F5C77900}.Release|Any CPU.Build.0 = Release|Any CPU
	EndGlobalSection
	GlobalSection(SolutionProperties) = preSolution
		HideSolutionNode = FALSE
	EndGlobalSection
	GlobalSection(ExtensibilityGlobals) = postSolution
		SolutionGuid = {0DC86C70-F952-4EE4-AAC5-7DC2D802C06C}
	EndGlobalSection
EndGlobal
